
Microsoft Visual Studio Solution File, Format Version 12.00
# Visual Studio Version 16
VisualStudioVersion = 16.0.32602.291
MinimumVisualStudioVersion = 10.0.40219.1
Project("{FAE04EC0-301F-11D3-BF4B-00C04F79EFBC}") = "Csharp_Selenium_WebDriver_Project", "Csharp_Selenium_WebDriver_Project.csproj", "{3450E975-E08F-41E6-8657-9E1DBCE052CB}"
EndProject
Global
	GlobalSection(SolutionConfigurationPlatforms) = preSolution
		Debug|Any CPU = Debug|Any CPU
		Release|Any CPU = Release|Any CPU
	EndGlobalSection
	GlobalSection(ProjectConfigurationPlatforms) = postSolution
		{3450E975-E08F-41E6-8657-9E1DBCE052CB}.Debug|Any CPU.ActiveCfg = Debug|Any CPU
		{3450E975-E08F-41E6-8657-9E1DBCE052CB}.Debug|Any CPU.Build.0 = Debug|Any CPU
		{3450E975-E08F-41E6-8657-9E1DBCE052CB}.Release|Any CPU.ActiveCfg = Release|Any CPU
		{3450E975-E08F-41E6-8657-9E1DBCE052CB}.Release|Any CPU.Build.0 = Release|Any CPU
	EndGlobalSection
	GlobalSection(SolutionProperties) = preSolution
		HideSolutionNode = FALSE
	EndGlobalSection
	GlobalSection(ExtensibilityGlobals) = postSolution
		SolutionGuid = {C82C9C14-7C65-4A95-91C5-315F4F5AEC96}
	EndGlobalSection
EndGlobal
